
Microsoft Visual Studio Solution File, Format Version 12.00
# Visual Studio Version 16
VisualStudioVersion = 16.0.31624.102
MinimumVisualStudioVersion = 10.0.40219.1
Project("{FAE04EC0-301F-11D3-BF4B-00C04F79EFBC}") = "SortedIncome", "SortedIncome.csproj", "{55C47F30-373C-4C5C-81F1-450E28809134}"
EndProject
Global
	GlobalSection(SolutionConfigurationPlatforms) = preSolution
		Debug|Any CPU = Debug|Any CPU
	EndGlobalSection
	GlobalSection(ProjectConfigurationPlatforms) = postSolution
		{55C47F30-373C-4C5C-81F1-450E28809134}.Debug|Any CPU.ActiveCfg = Debug|Any CPU
		{55C47F30-373C-4C5C-81F1-450E28809134}.Debug|Any CPU.Build.0 = Debug|Any CPU
	EndGlobalSection
	GlobalSection(SolutionProperties) = preSolution
		HideSolutionNode = FALSE
	EndGlobalSection
	GlobalSection(ExtensibilityGlobals) = postSolution
		SolutionGuid = {22C10020-CAB4-4350-BFD2-C7A1BDDFABE1}
	EndGlobalSection
EndGlobal
